
Microsoft Visual Studio Solution File, Format Version 12.00
# Visual Studio Version 16
VisualStudioVersion = 16.0.29728.190
MinimumVisualStudioVersion = 10.0.40219.1
Project("{FAE04EC0-301F-11D3-BF4B-00C04F79EFBC}") = "AlgorithmSummary", "AlgorithmSummary\AlgorithmSummary.csproj", "{7EAAEF6E-3954-4AE5-9CD4-3C92DC92825A}"
EndProject
Global
	GlobalSection(SolutionConfigurationPlatforms) = preSolution
		Debug|Any CPU = Debug|Any CPU
		Release|Any CPU = Release|Any CPU
	EndGlobalSection
	GlobalSection(ProjectConfigurationPlatforms) = postSolution
		{7EAAEF6E-3954-4AE5-9CD4-3C92DC92825A}.Debug|Any CPU.ActiveCfg = Debug|Any CPU
		{7EAAEF6E-3954-4AE5-9CD4-3C92DC92825A}.Debug|Any CPU.Build.0 = Debug|Any CPU
		{7EAAEF6E-3954-4AE5-9CD4-3C92DC92825A}.Release|Any CPU.ActiveCfg = Release|Any CPU
		{7EAAEF6E-3954-4AE5-9CD4-3C92DC92825A}.Release|Any CPU.Build.0 = Release|Any CPU
	EndGlobalSection
	GlobalSection(SolutionProperties) = preSolution
		HideSolutionNode = FALSE
	EndGlobalSection
	GlobalSection(ExtensibilityGlobals) = postSolution
		SolutionGuid = {3970B854-5EF8-454D-9665-9C4A43AAA56E}
	EndGlobalSection
EndGlobal
